
Microsoft Visual Studio Solution File, Format Version 12.00
# Visual Studio Version 17
VisualStudioVersion = 17.5.33414.496
MinimumVisualStudioVersion = 10.0.40219.1
Project("{FAE04EC0-301F-11D3-BF4B-00C04F79EFBC}") = "C#SQL2", "C#SQL2\C#SQL2.csproj", "{098FFFE7-3247-4544-90AE-CD25730A7B8B}"
EndProject
Global
	GlobalSection(SolutionConfigurationPlatforms) = preSolution
		Debug|Any CPU = Debug|Any CPU
		Release|Any CPU = Release|Any CPU
	EndGlobalSection
	GlobalSection(ProjectConfigurationPlatforms) = postSolution
		{098FFFE7-3247-4544-90AE-CD25730A7B8B}.Debug|Any CPU.ActiveCfg = Debug|Any CPU
		{098FFFE7-3247-4544-90AE-CD25730A7B8B}.Debug|Any CPU.Build.0 = Debug|Any CPU
		{098FFFE7-3247-4544-90AE-CD25730A7B8B}.Release|Any CPU.ActiveCfg = Release|Any CPU
		{098FFFE7-3247-4544-90AE-CD25730A7B8B}.Release|Any CPU.Build.0 = Release|Any CPU
	EndGlobalSection
	GlobalSection(SolutionProperties) = preSolution
		HideSolutionNode = FALSE
	EndGlobalSection
	GlobalSection(ExtensibilityGlobals) = postSolution
		SolutionGuid = {947C675B-135F-4761-B2E2-CA2076FFB17D}
	EndGlobalSection
EndGlobal
